// !$*UTF8*$!
{
	archiveVersion = 1;
	classes = {
	};
	objectVersion = 46;
	objects = {

/* Begin PBXBuildFile section */
		81539FB6C42C0410C8B53D23 /* libPods-LabQueue.a in Frameworks */ = {isa = PBXBuildFile; fileRef = 3AA05202FF8D7CB815D8768A /* libPods-LabQueue.a */; };
		F806120E1D0A68C8008D3A8D /* mitch pic.jpg in Resources */ = {isa = PBXBuildFile; fileRef = F806120D1D0A68C8008D3A8D /* mitch pic.jpg */; };
		F82AC1F71D0BAABA00BDADD2 /* Student.swift in Sources */ = {isa = PBXBuildFile; fileRef = F82AC1F61D0BAABA00BDADD2 /* Student.swift */; };
		F82AC1F91D0C6FD000BDADD2 /* LabTA.swift in Sources */ = {isa = PBXBuildFile; fileRef = F82AC1F81D0C6FD000BDADD2 /* LabTA.swift */; };
		F82AC1FF1D0CD03900BDADD2 /* StudentQueueCustomCell.swift in Sources */ = {isa = PBXBuildFile; fileRef = F82AC1FE1D0CD03900BDADD2 /* StudentQueueCustomCell.swift */; };
		F82AC2011D0CDA3700BDADD2 /* TAQueueCustomCell.swift in Sources */ = {isa = PBXBuildFile; fileRef = F82AC2001D0CDA3700BDADD2 /* TAQueueCustomCell.swift */; };
		F83222991D07B7610089304E /* AppDelegate.swift in Sources */ = {isa = PBXBuildFile; fileRef = F83222981D07B7610089304E /* AppDelegate.swift */; };
		F832229B1D07B7610089304E /* ViewController.swift in Sources */ = {isa = PBXBuildFile; fileRef = F832229A1D07B7610089304E /* ViewController.swift */; };
		F832229E1D07B7610089304E /* Main.storyboard in Resources */ = {isa = PBXBuildFile; fileRef = F832229C1D07B7610089304E /* Main.storyboard */; };
		F83222A01D07B7610089304E /* Assets.xcassets in Resources */ = {isa = PBXBuildFile; fileRef = F832229F1D07B7610089304E /* Assets.xcassets */; };
		F83222A31D07B7610089304E /* LaunchScreen.storyboard in Resources */ = {isa = PBXBuildFile; fileRef = F83222A11D07B7610089304E /* LaunchScreen.storyboard */; };
		F83222AE1D07B7610089304E /* LabQueueTests.swift in Sources */ = {isa = PBXBuildFile; fileRef = F83222AD1D07B7610089304E /* LabQueueTests.swift */; };
		F83222B91D07B7610089304E /* LabQueueUITests.swift in Sources */ = {isa = PBXBuildFile; fileRef = F83222B81D07B7610089304E /* LabQueueUITests.swift */; };
		F83222C71D07BF8C0089304E /* StudentPictureView.swift in Sources */ = {isa = PBXBuildFile; fileRef = F83222C61D07BF8C0089304E /* StudentPictureView.swift */; };
		F8722BF41D0886BF00449536 /* TAHomeViewController.swift in Sources */ = {isa = PBXBuildFile; fileRef = F8722BF31D0886BF00449536 /* TAHomeViewController.swift */; };
		F8722BF61D089C5E00449536 /* StudentHomeViewController.swift in Sources */ = {isa = PBXBuildFile; fileRef = F8722BF51D089C5E00449536 /* StudentHomeViewController.swift */; };
		F8722BF81D08A0AA00449536 /* NewFormViewController.swift in Sources */ = {isa = PBXBuildFile; fileRef = F8722BF71D08A0AA00449536 /* NewFormViewController.swift */; };
/* End PBXBuildFile section */

/* Begin PBXContainerItemProxy section */
		F83222AA1D07B7610089304E /* PBXContainerItemProxy */ = {
			isa = PBXContainerItemProxy;
			containerPortal = F832228D1D07B7610089304E /* Project object */;
			proxyType = 1;
			remoteGlobalIDString = F83222941D07B7610089304E;
			remoteInfo = LabQueue;
		};
		F83222B51D07B7610089304E /* PBXContainerItemProxy */ = {
			isa = PBXContainerItemProxy;
			containerPortal = F832228D1D07B7610089304E /* Project object */;
			proxyType = 1;
			remoteGlobalIDString = F83222941D07B7610089304E;
			remoteInfo = LabQueue;
		};
/* End PBXContainerItemProxy section */

/* Begin PBXFileReference section */
		3AA05202FF8D7CB815D8768A /* libPods-LabQueue.a */ = {isa = PBXFileReference; explicitFileType = archive.ar; includeInIndex = 0; path = "libPods-LabQueue.a"; sourceTree = BUILT_PRODUCTS_DIR; };
		425F023088791AE249FC0FCC /* Pods-LabQueue.release.xcconfig */ = {isa = PBXFileReference; includeInIndex = 1; lastKnownFileType = text.xcconfig; name = "Pods-LabQueue.release.xcconfig"; path = "Pods/Target Support Files/Pods-LabQueue/Pods-LabQueue.release.xcconfig"; sourceTree = "<group>"; };
		9F9CE877602DDB26145E0460 /* Pods-LabQueue.debug.xcconfig */ = {isa = PBXFileReference; includeInIndex = 1; lastKnownFileType = text.xcconfig; name = "Pods-LabQueue.debug.xcconfig"; path = "Pods/Target Support Files/Pods-LabQueue/Pods-LabQueue.debug.xcconfig"; sourceTree = "<group>"; };
		F806120D1D0A68C8008D3A8D /* mitch pic.jpg */ = {isa = PBXFileReference; lastKnownFileType = image.jpeg; path = "mitch pic.jpg"; sourceTree = "<group>"; };
		F82AC1F61D0BAABA00BDADD2 /* Student.swift */ = {isa = PBXFileReference; fileEncoding = 4; lastKnownFileType = sourcecode.swift; path = Student.swift; sourceTree = "<group>"; };
		F82AC1F81D0C6FD000BDADD2 /* LabTA.swift */ = {isa = PBXFileReference; fileEncoding = 4; lastKnownFileType = sourcecode.swift; path = LabTA.swift; sourceTree = "<group>"; };
		F82AC1FE1D0CD03900BDADD2 /* StudentQueueCustomCell.swift */ = {isa = PBXFileReference; fileEncoding = 4; lastKnownFileType = sourcecode.swift; path = StudentQueueCustomCell.swift; sourceTree = "<group>"; };
		F82AC2001D0CDA3700BDADD2 /* TAQueueCustomCell.swift */ = {isa = PBXFileReference; fileEncoding = 4; lastKnownFileType = sourcecode.swift; path = TAQueueCustomCell.swift; sourceTree = "<group>"; };
		F83222951D07B7610089304E /* LabQueue.app */ = {isa = PBXFileReference; explicitFileType = wrapper.application; includeInIndex = 0; path = LabQueue.app; sourceTree = BUILT_PRODUCTS_DIR; };
		F83222981D07B7610089304E /* AppDelegate.swift */ = {isa = PBXFileReference; lastKnownFileType = sourcecode.swift; path = AppDelegate.swift; sourceTree = "<group>"; };
		F832229A1D07B7610089304E /* ViewController.swift */ = {isa = PBXFileReference; lastKnownFileType = sourcecode.swift; path = ViewController.swift; sourceTree = "<group>"; };
		F832229D1D07B7610089304E /* Base */ = {isa = PBXFileReference; lastKnownFileType = file.storyboard; name = Base; path = Base.lproj/Main.storyboard; sourceTree = "<group>"; };
		F832229F1D07B7610089304E /* Assets.xcassets */ = {isa = PBXFileReference; lastKnownFileType = folder.assetcatalog; path = Assets.xcassets; sourceTree = "<group>"; };
		F83222A21D07B7610089304E /* Base */ = {isa = PBXFileReference; lastKnownFileType = file.storyboard; name = Base; path = Base.lproj/LaunchScreen.storyboard; sourceTree = "<group>"; };
		F83222A41D07B7610089304E /* Info.plist */ = {isa = PBXFileReference; lastKnownFileType = text.plist.xml; path = Info.plist; sourceTree = "<group>"; };
		F83222A91D07B7610089304E /* LabQueueTests.xctest */ = {isa = PBXFileReference; explicitFileType = wrapper.cfbundle; includeInIndex = 0; path = LabQueueTests.xctest; sourceTree = BUILT_PRODUCTS_DIR; };
		F83222AD1D07B7610089304E /* LabQueueTests.swift */ = {isa = PBXFileReference; lastKnownFileType = sourcecode.swift; path = LabQueueTests.swift; sourceTree = "<group>"; };
		F83222AF1D07B7610089304E /* Info.plist */ = {isa = PBXFileReference; lastKnownFileType = text.plist.xml; path = Info.plist; sourceTree = "<group>"; };
		F83222B41D07B7610089304E /* LabQueueUITests.xctest */ = {isa = PBXFileReference; explicitFileType = wrapper.cfbundle; includeInIndex = 0; path = LabQueueUITests.xctest; sourceTree = BUILT_PRODUCTS_DIR; };
		F83222B81D07B7610089304E /* LabQueueUITests.swift */ = {isa = PBXFileReference; lastKnownFileType = sourcecode.swift; path = LabQueueUITests.swift; sourceTree = "<group>"; };
		F83222BA1D07B7610089304E /* Info.plist */ = {isa = PBXFileReference; lastKnownFileType = text.plist.xml; path = Info.plist; sourceTree = "<group>"; };
		F83222C61D07BF8C0089304E /* StudentPictureView.swift */ = {isa = PBXFileReference; fileEncoding = 4; lastKnownFileType = sourcecode.swift; path = StudentPictureView.swift; sourceTree = "<group>"; };
		F8722BF31D0886BF00449536 /* TAHomeViewController.swift */ = {isa = PBXFileReference; fileEncoding = 4; lastKnownFileType = sourcecode.swift; path = TAHomeViewController.swift; sourceTree = "<group>"; };
		F8722BF51D089C5E00449536 /* StudentHomeViewController.swift */ = {isa = PBXFileReference; fileEncoding = 4; lastKnownFileType = sourcecode.swift; path = StudentHomeViewController.swift; sourceTree = "<group>"; };
		F8722BF71D08A0AA00449536 /* NewFormViewController.swift */ = {isa = PBXFileReference; fileEncoding = 4; lastKnownFileType = sourcecode.swift; path = NewFormViewController.swift; sourceTree = "<group>"; };
/* End PBXFileReference section */

/* Begin PBXFrameworksBuildPhase section */
		F83222921D07B7610089304E /* Frameworks */ = {
			isa = PBXFrameworksBuildPhase;
			buildActionMask = 2147483647;
			files = (
				81539FB6C42C0410C8B53D23 /* libPods-LabQueue.a in Frameworks */,
			);
			runOnlyForDeploymentPostprocessing = 0;
		};
		F83222A61D07B7610089304E /* Frameworks */ = {
			isa = PBXFrameworksBuildPhase;
			buildActionMask = 2147483647;
			files = (
			);
			runOnlyForDeploymentPostprocessing = 0;
		};
		F83222B11D07B7610089304E /* Frameworks */ = {
			isa = PBXFrameworksBuildPhase;
			buildActionMask = 2147483647;
			files = (
			);
			runOnlyForDeploymentPostprocessing = 0;
		};
/* End PBXFrameworksBuildPhase section */

/* Begin PBXGroup section */
		043BC2ADA360AFDBD8B41BB2 /* Frameworks */ = {
			isa = PBXGroup;
			children = (
				3AA05202FF8D7CB815D8768A /* libPods-LabQueue.a */,
			);
			name = Frameworks;
			sourceTree = "<group>";
		};
		75F909C94E96412A8374A6B6 /* Pods */ = {
			isa = PBXGroup;
			children = (
				9F9CE877602DDB26145E0460 /* Pods-LabQueue.debug.xcconfig */,
				425F023088791AE249FC0FCC /* Pods-LabQueue.release.xcconfig */,
			);
			name = Pods;
			sourceTree = "<group>";
		};
		F832228C1D07B7610089304E = {
			isa = PBXGroup;
			children = (
				F83222971D07B7610089304E /* LabQueue */,
				F83222AC1D07B7610089304E /* LabQueueTests */,
				F83222B71D07B7610089304E /* LabQueueUITests */,
				F83222961D07B7610089304E /* Products */,
				75F909C94E96412A8374A6B6 /* Pods */,
				043BC2ADA360AFDBD8B41BB2 /* Frameworks */,
			);
			sourceTree = "<group>";
		};
		F83222961D07B7610089304E /* Products */ = {
			isa = PBXGroup;
			children = (
				F83222951D07B7610089304E /* LabQueue.app */,
				F83222A91D07B7610089304E /* LabQueueTests.xctest */,
				F83222B41D07B7610089304E /* LabQueueUITests.xctest */,
			);
			name = Products;
			sourceTree = "<group>";
		};
		F83222971D07B7610089304E /* LabQueue */ = {
			isa = PBXGroup;
			children = (
				F83222981D07B7610089304E /* AppDelegate.swift */,
				F82AC1F81D0C6FD000BDADD2 /* LabTA.swift */,
				F832229A1D07B7610089304E /* ViewController.swift */,
				F82AC1FE1D0CD03900BDADD2 /* StudentQueueCustomCell.swift */,
				F832229C1D07B7610089304E /* Main.storyboard */,
				F82AC2001D0CDA3700BDADD2 /* TAQueueCustomCell.swift */,
				F806120D1D0A68C8008D3A8D /* mitch pic.jpg */,
				F8722BF71D08A0AA00449536 /* NewFormViewController.swift */,
				F82AC1F61D0BAABA00BDADD2 /* Student.swift */,
				F8722BF51D089C5E00449536 /* StudentHomeViewController.swift */,
				F8722BF31D0886BF00449536 /* TAHomeViewController.swift */,
				F83222C61D07BF8C0089304E /* StudentPictureView.swift */,
				F832229F1D07B7610089304E /* Assets.xcassets */,
				F83222A11D07B7610089304E /* LaunchScreen.storyboard */,
				F83222A41D07B7610089304E /* Info.plist */,
			);
			path = LabQueue;
			sourceTree = "<group>";
		};
		F83222AC1D07B7610089304E /* LabQueueTests */ = {
			isa = PBXGroup;
			children = (
				F83222AD1D07B7610089304E /* LabQueueTests.swift */,
				F83222AF1D07B7610089304E /* Info.plist */,
			);
			path = LabQueueTests;
			sourceTree = "<group>";
		};
		F83222B71D07B7610089304E /* LabQueueUITests */ = {
			isa = PBXGroup;
			children = (
				F83222B81D07B7610089304E /* LabQueueUITests.swift */,
				F83222BA1D07B7610089304E /* Info.plist */,
			);
			path = LabQueueUITests;
			sourceTree = "<group>";
		};
/* End PBXGroup section */

/* Begin PBXNativeTarget section */
		F83222941D07B7610089304E /* LabQueue */ = {
			isa = PBXNativeTarget;
			buildConfigurationList = F83222BD1D07B7610089304E /* Build configuration list for PBXNativeTarget "LabQueue" */;
			buildPhases = (
				ACD7C3E50A11BD6446BBEF0B /* Check Pods Manifest.lock */,
				F83222911D07B7610089304E /* Sources */,
				F83222921D07B7610089304E /* Frameworks */,
				F83222931D07B7610089304E /* Resources */,
				51FAC3CC7062DEC12709DE49 /* Embed Pods Frameworks */,
				1C9987FAA01E7A9AF78B7D9D /* Copy Pods Resources */,
			);
			buildRules = (
			);
			dependencies = (
			);
			name = LabQueue;
			productName = LabQueue;
			productReference = F83222951D07B7610089304E /* LabQueue.app */;
			productType = "com.apple.product-type.application";
		};
		F83222A81D07B7610089304E /* LabQueueTests */ = {
			isa = PBXNativeTarget;
			buildConfigurationList = F83222C01D07B7610089304E /* Build configuration list for PBXNativeTarget "LabQueueTests" */;
			buildPhases = (
				F83222A51D07B7610089304E /* Sources */,
				F83222A61D07B7610089304E /* Frameworks */,
				F83222A71D07B7610089304E /* Resources */,
			);
			buildRules = (
			);
			dependencies = (
				F83222AB1D07B7610089304E /* PBXTargetDependency */,
			);
			name = LabQueueTests;
			productName = LabQueueTests;
			productReference = F83222A91D07B7610089304E /* LabQueueTests.xctest */;
			productType = "com.apple.product-type.bundle.unit-test";
		};
		F83222B31D07B7610089304E /* LabQueueUITests */ = {
			isa = PBXNativeTarget;
			buildConfigurationList = F83222C31D07B7610089304E /* Build configuration list for PBXNativeTarget "LabQueueUITests" */;
			buildPhases = (
				F83222B01D07B7610089304E /* Sources */,
				F83222B11D07B7610089304E /* Frameworks */,
				F83222B21D07B7610089304E /* Resources */,
			);
			buildRules = (
			);
			dependencies = (
				F83222B61D07B7610089304E /* PBXTargetDependency */,
			);
			name = LabQueueUITests;
			productName = LabQueueUITests;
			productReference = F83222B41D07B7610089304E /* LabQueueUITests.xctest */;
			productType = "com.apple.product-type.bundle.ui-testing";
		};
/* End PBXNativeTarget section */

/* Begin PBXProject section */
		F832228D1D07B7610089304E /* Project object */ = {
			isa = PBXProject;
			attributes = {
				LastSwiftUpdateCheck = 0730;
				LastUpgradeCheck = 0730;
				ORGANIZATIONNAME = "Mitch Hamburger";
				TargetAttributes = {
					F83222941D07B7610089304E = {
						CreatedOnToolsVersion = 7.3;
						DevelopmentTeam = YK9SQ33D26;
					};
					F83222A81D07B7610089304E = {
						CreatedOnToolsVersion = 7.3;
						TestTargetID = F83222941D07B7610089304E;
					};
					F83222B31D07B7610089304E = {
						CreatedOnToolsVersion = 7.3;
						TestTargetID = F83222941D07B7610089304E;
					};
				};
			};
			buildConfigurationList = F83222901D07B7610089304E /* Build configuration list for PBXProject "LabQueue" */;
			compatibilityVersion = "Xcode 3.2";
			developmentRegion = English;
			hasScannedForEncodings = 0;
			knownRegions = (
				en,
				Base,
			);
			mainGroup = F832228C1D07B7610089304E;
			productRefGroup = F83222961D07B7610089304E /* Products */;
			projectDirPath = "";
			projectRoot = "";
			targets = (
				F83222941D07B7610089304E /* LabQueue */,
				F83222A81D07B7610089304E /* LabQueueTests */,
				F83222B31D07B7610089304E /* LabQueueUITests */,
			);
		};
/* End PBXProject section */

/* Begin PBXResourcesBuildPhase section */
		F83222931D07B7610089304E /* Resources */ = {
			isa = PBXResourcesBuildPhase;
			buildActionMask = 2147483647;
			files = (
				F83222A31D07B7610089304E /* LaunchScreen.storyboard in Resources */,
				F806120E1D0A68C8008D3A8D /* mitch pic.jpg in Resources */,
				F83222A01D07B7610089304E /* Assets.xcassets in Resources */,
				F832229E1D07B7610089304E /* Main.storyboard in Resources */,
			);
			runOnlyForDeploymentPostprocessing = 0;
		};
		F83222A71D07B7610089304E /* Resources */ = {
			isa = PBXResourcesBuildPhase;
			buildActionMask = 2147483647;
			files = (
			);
			runOnlyForDeploymentPostprocessing = 0;
		};
		F83222B21D07B7610089304E /* Resources */ = {
			isa = PBXResourcesBuildPhase;
			buildActionMask = 2147483647;
			files = (
			);
			runOnlyForDeploymentPostprocessing = 0;
		};
/* End PBXResourcesBuildPhase section */

/* Begin PBXShellScriptBuildPhase section */
		1C9987FAA01E7A9AF78B7D9D /* Copy Pods Resources */ = {
			isa = PBXShellScriptBuildPhase;
			buildActionMask = 2147483647;
			files = (
			);
			inputPaths = (
			);
			name = "Copy Pods Resources";
			outputPaths = (
			);
			runOnlyForDeploymentPostprocessing = 0;
			shellPath = /bin/sh;
			shellScript = "\"${SRCROOT}/Pods/Target Support Files/Pods-LabQueue/Pods-LabQueue-resources.sh\"\n";
			showEnvVarsInLog = 0;
		};
		51FAC3CC7062DEC12709DE49 /* Embed Pods Frameworks */ = {
			isa = PBXShellScriptBuildPhase;
			buildActionMask = 2147483647;
			files = (
			);
			inputPaths = (
			);
			name = "Embed Pods Frameworks";
			outputPaths = (
			);
			runOnlyForDeploymentPostprocessing = 0;
			shellPath = /bin/sh;
			shellScript = "\"${SRCROOT}/Pods/Target Support Files/Pods-LabQueue/Pods-LabQueue-frameworks.sh\"\n";
			showEnvVarsInLog = 0;
		};
		ACD7C3E50A11BD6446BBEF0B /* Check Pods Manifest.lock */ = {
			isa = PBXShellScriptBuildPhase;
			buildActionMask = 2147483647;
			files = (
			);
			inputPaths = (
			);
			name = "Check Pods Manifest.lock";
			outputPaths = (
			);
			runOnlyForDeploymentPostprocessing = 0;
			shellPath = /bin/sh;
			shellScript = "diff \"${PODS_ROOT}/../Podfile.lock\" \"${PODS_ROOT}/Manifest.lock\" > /dev/null\nif [[ $? != 0 ]] ; then\n    cat << EOM\nerror: The sandbox is not in sync with the Podfile.lock. Run 'pod install' or update your CocoaPods installation.\nEOM\n    exit 1\nfi\n";
			showEnvVarsInLog = 0;
		};
/* End PBXShellScriptBuildPhase section */

/* Begin PBXSourcesBuildPhase section */
		F83222911D07B7610089304E /* Sources */ = {
			isa = PBXSourcesBuildPhase;
			buildActionMask = 2147483647;
			files = (
				F832229B1D07B7610089304E /* ViewController.swift in Sources */,
				F82AC1FF1D0CD03900BDADD2 /* StudentQueueCustomCell.swift in Sources */,
				F83222C71D07BF8C0089304E /* StudentPictureView.swift in Sources */,
				F82AC2011D0CDA3700BDADD2 /* TAQueueCustomCell.swift in Sources */,
				F82AC1F91D0C6FD000BDADD2 /* LabTA.swift in Sources */,
				F8722BF61D089C5E00449536 /* StudentHomeViewController.swift in Sources */,
				F8722BF41D0886BF00449536 /* TAHomeViewController.swift in Sources */,
				F82AC1F71D0BAABA00BDADD2 /* Student.swift in Sources */,
				F83222991D07B7610089304E /* AppDelegate.swift in Sources */,
				F8722BF81D08A0AA00449536 /* NewFormViewController.swift in Sources */,
			);
			runOnlyForDeploymentPostprocessing = 0;
		};
		F83222A51D07B7610089304E /* Sources */ = {
			isa = PBXSourcesBuildPhase;
			buildActionMask = 2147483647;
			files = (
				F83222AE1D07B7610089304E /* LabQueueTests.swift in Sources */,
			);
			runOnlyForDeploymentPostprocessing = 0;
		};
		F83222B01D07B7610089304E /* Sources */ = {
			isa = PBXSourcesBuildPhase;
			buildActionMask = 2147483647;
			files = (
				F83222B91D07B7610089304E /* LabQueueUITests.swift in Sources */,
			);
			runOnlyForDeploymentPostprocessing = 0;
		};
/* End PBXSourcesBuildPhase section */

/* Begin PBXTargetDependency section */
		F83222AB1D07B7610089304E /* PBXTargetDependency */ = {
			isa = PBXTargetDependency;
			target = F83222941D07B7610089304E /* LabQueue */;
			targetProxy = F83222AA1D07B7610089304E /* PBXContainerItemProxy */;
		};
		F83222B61D07B7610089304E /* PBXTargetDependency */ = {
			isa = PBXTargetDependency;
			target = F83222941D07B7610089304E /* LabQueue */;
			targetProxy = F83222B51D07B7610089304E /* PBXContainerItemProxy */;
		};
/* End PBXTargetDependency section */

/* Begin PBXVariantGroup section */
		F832229C1D07B7610089304E /* Main.storyboard */ = {
			isa = PBXVariantGroup;
			children = (
				F832229D1D07B7610089304E /* Base */,
			);
			name = Main.storyboard;
			sourceTree = "<group>";
		};
		F83222A11D07B7610089304E /* LaunchScreen.storyboard */ = {
			isa = PBXVariantGroup;
			children = (
				F83222A21D07B7610089304E /* Base */,
			);
			name = LaunchScreen.storyboard;
			sourceTree = "<group>";
		};
/* End PBXVariantGroup section */

/* Begin XCBuildConfiguration section */
		F83222BB1D07B7610089304E /* Debug */ = {
			isa = XCBuildConfiguration;
			buildSettings = {
				ALWAYS_SEARCH_USER_PATHS = NO;
				CLANG_ANALYZER_NONNULL = YES;
				CLANG_CXX_LANGUAGE_STANDARD = "gnu++0x";
				CLANG_CXX_LIBRARY = "libc++";
				CLANG_ENABLE_MODULES = YES;
				CLANG_ENABLE_OBJC_ARC = YES;
				CLANG_WARN_BOOL_CONVERSION = YES;
				CLANG_WARN_CONSTANT_CONVERSION = YES;
				CLANG_WARN_DIRECT_OBJC_ISA_USAGE = YES_ERROR;
				CLANG_WARN_EMPTY_BODY = YES;
				CLANG_WARN_ENUM_CONVERSION = YES;
				CLANG_WARN_INT_CONVERSION = YES;
				CLANG_WARN_OBJC_ROOT_CLASS = YES_ERROR;
				CLANG_WARN_UNREACHABLE_CODE = YES;
				CLANG_WARN__DUPLICATE_METHOD_MATCH = YES;
				"CODE_SIGN_IDENTITY[sdk=iphoneos*]" = "iPhone Developer";
				COPY_PHASE_STRIP = NO;
				DEBUG_INFORMATION_FORMAT = dwarf;
				ENABLE_STRICT_OBJC_MSGSEND = YES;
				ENABLE_TESTABILITY = YES;
				GCC_C_LANGUAGE_STANDARD = gnu99;
				GCC_DYNAMIC_NO_PIC = NO;
				GCC_NO_COMMON_BLOCKS = YES;
				GCC_OPTIMIZATION_LEVEL = 0;
				GCC_PREPROCESSOR_DEFINITIONS = (
					"DEBUG=1",
					"$(inherited)",
				);
				GCC_WARN_64_TO_32_BIT_CONVERSION = YES;
				GCC_WARN_ABOUT_RETURN_TYPE = YES_ERROR;
				GCC_WARN_UNDECLARED_SELECTOR = YES;
				GCC_WARN_UNINITIALIZED_AUTOS = YES_AGGRESSIVE;
				GCC_WARN_UNUSED_FUNCTION = YES;
				GCC_WARN_UNUSED_VARIABLE = YES;
				IPHONEOS_DEPLOYMENT_TARGET = 9.3;
				MTL_ENABLE_DEBUG_INFO = YES;
				ONLY_ACTIVE_ARCH = YES;
				SDKROOT = iphoneos;
				SWIFT_OPTIMIZATION_LEVEL = "-Onone";
				TARGETED_DEVICE_FAMILY = "1,2";
			};
			name = Debug;
		};
		F83222BC1D07B7610089304E /* Release */ = {
			isa = XCBuildConfiguration;
			buildSettings = {
				ALWAYS_SEARCH_USER_PATHS = NO;
				CLANG_ANALYZER_NONNULL = YES;
				CLANG_CXX_LANGUAGE_STANDARD = "gnu++0x";
				CLANG_CXX_LIBRARY = "libc++";
				CLANG_ENABLE_MODULES = YES;
				CLANG_ENABLE_OBJC_ARC = YES;
				CLANG_WARN_BOOL_CONVERSION = YES;
				CLANG_WARN_CONSTANT_CONVERSION = YES;
				CLANG_WARN_DIRECT_OBJC_ISA_USAGE = YES_ERROR;
				CLANG_WARN_EMPTY_BODY = YES;
				CLANG_WARN_ENUM_CONVERSION = YES;
				CLANG_WARN_INT_CONVERSION = YES;
				CLANG_WARN_OBJC_ROOT_CLASS = YES_ERROR;
				CLANG_WARN_UNREACHABLE_CODE = YES;
				CLANG_WARN__DUPLICATE_METHOD_MATCH = YES;
				"CODE_SIGN_IDENTITY[sdk=iphoneos*]" = "iPhone Developer";
				COPY_PHASE_STRIP = NO;
				DEBUG_INFORMATION_FORMAT = "dwarf-with-dsym";
				ENABLE_NS_ASSERTIONS = NO;
				ENABLE_STRICT_OBJC_MSGSEND = YES;
				GCC_C_LANGUAGE_STANDARD = gnu99;
				GCC_NO_COMMON_BLOCKS = YES;
				GCC_WARN_64_TO_32_BIT_CONVERSION = YES;
				GCC_WARN_ABOUT_RETURN_TYPE = YES_ERROR;
				GCC_WARN_UNDECLARED_SELECTOR = YES;
				GCC_WARN_UNINITIALIZED_AUTOS = YES_AGGRESSIVE;
				GCC_WARN_UNUSED_FUNCTION = YES;
				GCC_WARN_UNUSED_VARIABLE = YES;
				IPHONEOS_DEPLOYMENT_TARGET = 9.3;
				MTL_ENABLE_DEBUG_INFO = NO;
				SDKROOT = iphoneos;
				TARGETED_DEVICE_FAMILY = "1,2";
				VALIDATE_PRODUCT = YES;
			};
			name = Release;
		};
		F83222BE1D07B7610089304E /* Debug */ = {
			isa = XCBuildConfiguration;
			baseConfigurationReference = 9F9CE877602DDB26145E0460 /* Pods-LabQueue.debug.xcconfig */;
			buildSettings = {
				ASSETCATALOG_COMPILER_APPICON_NAME = AppIcon;
				CODE_SIGN_IDENTITY = "iPhone Developer";
				"CODE_SIGN_IDENTITY[sdk=iphoneos*]" = "iPhone Developer";
				INFOPLIST_FILE = LabQueue/Info.plist;
				LD_RUNPATH_SEARCH_PATHS = "$(inherited) @executable_path/Frameworks";
				PRODUCT_BUNDLE_IDENTIFIER = mhamburger.LabQueue;
				PRODUCT_NAME = "$(TARGET_NAME)";
				PROVISIONING_PROFILE = "";
			};
			name = Debug;
		};
		F83222BF1D07B7610089304E /* Release */ = {
			isa = XCBuildConfiguration;
			baseConfigurationReference = 425F023088791AE249FC0FCC /* Pods-LabQueue.release.xcconfig */;
			buildSettings = {
				ASSETCATALOG_COMPILER_APPICON_NAME = AppIcon;
				CODE_SIGN_IDENTITY = "iPhone Developer";
				"CODE_SIGN_IDENTITY[sdk=iphoneos*]" = "iPhone Developer";
				INFOPLIST_FILE = LabQueue/Info.plist;
				LD_RUNPATH_SEARCH_PATHS = "$(inherited) @executable_path/Frameworks";
				PRODUCT_BUNDLE_IDENTIFIER = mhamburger.LabQueue;
				PRODUCT_NAME = "$(TARGET_NAME)";
				PROVISIONING_PROFILE = "";
			};
			name = Release;
		};
		F83222C11D07B7610089304E /* Debug */ = {
			isa = XCBuildConfiguration;
			buildSettings = {
				BUNDLE_LOADER = "$(TEST_HOST)";
				INFOPLIST_FILE = LabQueueTests/Info.plist;
				LD_RUNPATH_SEARCH_PATHS = "$(inherited) @executable_path/Frameworks @loader_path/Frameworks";
				PRODUCT_BUNDLE_IDENTIFIER = mhamburger.LabQueueTests;
				PRODUCT_NAME = "$(TARGET_NAME)";
				TEST_HOST = "$(BUILT_PRODUCTS_DIR)/LabQueue.app/LabQueue";
			};
			name = Debug;
		};
		F83222C21D07B7610089304E /* Release */ = {
			isa = XCBuildConfiguration;
			buildSettings = {
				BUNDLE_LOADER = "$(TEST_HOST)";
				INFOPLIST_FILE = LabQueueTests/Info.plist;
				LD_RUNPATH_SEARCH_PATHS = "$(inherited) @executable_path/Frameworks @loader_path/Frameworks";
				PRODUCT_BUNDLE_IDENTIFIER = mhamburger.LabQueueTests;
				PRODUCT_NAME = "$(TARGET_NAME)";
				TEST_HOST = "$(BUILT_PRODUCTS_DIR)/LabQueue.app/LabQueue";
			};
			name = Release;
		};
		F83222C41D07B7610089304E /* Debug */ = {
			isa = XCBuildConfiguration;
			buildSettings = {
				INFOPLIST_FILE = LabQueueUITests/Info.plist;
				LD_RUNPATH_SEARCH_PATHS = "$(inherited) @executable_path/Frameworks @loader_path/Frameworks";
				PRODUCT_BUNDLE_IDENTIFIER = mhamburger.LabQueueUITests;
				PRODUCT_NAME = "$(TARGET_NAME)";
				TEST_TARGET_NAME = LabQueue;
			};
			name = Debug;
		};
		F83222C51D07B7610089304E /* Release */ = {
			isa = XCBuildConfiguration;
			buildSettings = {
				INFOPLIST_FILE = LabQueueUITests/Info.plist;
				LD_RUNPATH_SEARCH_PATHS = "$(inherited) @executable_path/Frameworks @loader_path/Frameworks";
				PRODUCT_BUNDLE_IDENTIFIER = mhamburger.LabQueueUITests;
				PRODUCT_NAME = "$(TARGET_NAME)";
				TEST_TARGET_NAME = LabQueue;
			};
			name = Release;
		};
/* End XCBuildConfiguration section */

/* Begin XCConfigurationList section */
		F83222901D07B7610089304E /* Build configuration list for PBXProject "LabQueue" */ = {
			isa = XCConfigurationList;
			buildConfigurations = (
				F83222BB1D07B7610089304E /* Debug */,
				F83222BC1D07B7610089304E /* Release */,
			);
			defaultConfigurationIsVisible = 0;
			defaultConfigurationName = Release;
		};
		F83222BD1D07B7610089304E /* Build configuration list for PBXNativeTarget "LabQueue" */ = {
			isa = XCConfigurationList;
			buildConfigurations = (
				F83222BE1D07B7610089304E /* Debug */,
				F83222BF1D07B7610089304E /* Release */,
			);
			defaultConfigurationIsVisible = 0;
			defaultConfigurationName = Release;
		};
		F83222C01D07B7610089304E /* Build configuration list for PBXNativeTarget "LabQueueTests" */ = {
			isa = XCConfigurationList;
			buildConfigurations = (
				F83222C11D07B7610089304E /* Debug */,
				F83222C21D07B7610089304E /* Release */,
			);
			defaultConfigurationIsVisible = 0;
			defaultConfigurationName = Release;
		};
		F83222C31D07B7610089304E /* Build configuration list for PBXNativeTarget "LabQueueUITests" */ = {
			isa = XCConfigurationList;
			buildConfigurations = (
				F83222C41D07B7610089304E /* Debug */,
				F83222C51D07B7610089304E /* Release */,
			);
			defaultConfigurationIsVisible = 0;
			defaultConfigurationName = Release;
		};
/* End XCConfigurationList section */
	};
	rootObject = F832228D1D07B7610089304E /* Project object */;
}
